
Microsoft Visual Studio Solution File, Format Version 12.00
Project("{FAE04EC0-301F-11D3-BF4B-00C04F79EFBC}") = "WebDataAnalysis", "WebDataAnalysis\WebDataAnalysis.csproj", "{F62900DB-3E63-4100-89F6-1127FCF781CE}"
EndProject
Project("{FAE04EC0-301F-11D3-BF4B-00C04F79EFBC}") = "WebDataAnalysis.Domain", "WebDataAnalysis.Domain\WebDataAnalysis.Domain.csproj", "{4D380809-5E75-4E7F-ADDF-865985CE2F7F}"
EndProject
Global
	GlobalSection(SolutionConfigurationPlatforms) = preSolution
		Debug|Any CPU = Debug|Any CPU
		Release|Any CPU = Release|Any CPU
	EndGlobalSection
	GlobalSection(ProjectConfigurationPlatforms) = postSolution
		{F62900DB-3E63-4100-89F6-1127FCF781CE}.Debug|Any CPU.ActiveCfg = Debug|Any CPU
		{F62900DB-3E63-4100-89F6-1127FCF781CE}.Debug|Any CPU.Build.0 = Debug|Any CPU
		{F62900DB-3E63-4100-89F6-1127FCF781CE}.Release|Any CPU.ActiveCfg = Release|Any CPU
		{F62900DB-3E63-4100-89F6-1127FCF781CE}.Release|Any CPU.Build.0 = Release|Any CPU
		{4D380809-5E75-4E7F-ADDF-865985CE2F7F}.Debug|Any CPU.ActiveCfg = Debug|Any CPU
		{4D380809-5E75-4E7F-ADDF-865985CE2F7F}.Debug|Any CPU.Build.0 = Debug|Any CPU
		{4D380809-5E75-4E7F-ADDF-865985CE2F7F}.Release|Any CPU.ActiveCfg = Release|Any CPU
		{4D380809-5E75-4E7F-ADDF-865985CE2F7F}.Release|Any CPU.Build.0 = Release|Any CPU
	EndGlobalSection
EndGlobal
